
Microsoft Visual Studio Solution File, Format Version 12.00
# Visual Studio Version 16
VisualStudioVersion = 16.0.31424.327
MinimumVisualStudioVersion = 10.0.40219.1
Project("{8BC9CEB8-8B4A-11D0-8D11-00A0C91BC942}") = "FileSystem", "FileSystem\FileSystem.vcxproj", "{9EEAA0DC-6899-4D42-9448-34ABB844EB08}"
EndProject
Global
	GlobalSection(SolutionConfigurationPlatforms) = preSolution
		Debug|x64 = Debug|x64
		Debug|x86 = Debug|x86
		Release|x64 = Release|x64
		Release|x86 = Release|x86
	EndGlobalSection
	GlobalSection(ProjectConfigurationPlatforms) = postSolution
		{9EEAA0DC-6899-4D42-9448-34ABB844EB08}.Debug|x64.ActiveCfg = Debug|x64
		{9EEAA0DC-6899-4D42-9448-34ABB844EB08}.Debug|x64.Build.0 = Debug|x64
		{9EEAA0DC-6899-4D42-9448-34ABB844EB08}.Debug|x86.ActiveCfg = Debug|Win32
		{9EEAA0DC-6899-4D42-9448-34ABB844EB08}.Debug|x86.Build.0 = Debug|Win32
		{9EEAA0DC-6899-4D42-9448-34ABB844EB08}.Release|x64.ActiveCfg = Release|x64
		{9EEAA0DC-6899-4D42-9448-34ABB844EB08}.Release|x64.Build.0 = Release|x64
		{9EEAA0DC-6899-4D42-9448-34ABB844EB08}.Release|x86.ActiveCfg = Release|Win32
		{9EEAA0DC-6899-4D42-9448-34ABB844EB08}.Release|x86.Build.0 = Release|Win32
	EndGlobalSection
	GlobalSection(SolutionProperties) = preSolution
		HideSolutionNode = FALSE
	EndGlobalSection
	GlobalSection(ExtensibilityGlobals) = postSolution
		SolutionGuid = {D5043934-FCB0-4B35-A243-A29D0D45BD40}
	EndGlobalSection
EndGlobal
